// !$*UTF8*$!
{
	archiveVersion = 1;
	classes = {
	};
	objectVersion = 46;
	objects = {

/* Begin PBXBuildFile section */
		451BD1E41AB7F6EF00533DF6 /* main.m in Sources */ = {isa = PBXBuildFile; fileRef = 451BD1E31AB7F6EF00533DF6 /* main.m */; };
		451BD1E71AB7F6EF00533DF6 /* AppDelegate.m in Sources */ = {isa = PBXBuildFile; fileRef = 451BD1E61AB7F6EF00533DF6 /* AppDelegate.m */; };
		451BD1EA1AB7F6EF00533DF6 /* ViewController.m in Sources */ = {isa = PBXBuildFile; fileRef = 451BD1E91AB7F6EF00533DF6 /* ViewController.m */; };
		451BD1ED1AB7F6EF00533DF6 /* Main.storyboard in Resources */ = {isa = PBXBuildFile; fileRef = 451BD1EB1AB7F6EF00533DF6 /* Main.storyboard */; };
		451BD1EF1AB7F6EF00533DF6 /* Images.xcassets in Resources */ = {isa = PBXBuildFile; fileRef = 451BD1EE1AB7F6EF00533DF6 /* Images.xcassets */; };
		451BD1F21AB7F6EF00533DF6 /* LaunchScreen.xib in Resources */ = {isa = PBXBuildFile; fileRef = 451BD1F01AB7F6EF00533DF6 /* LaunchScreen.xib */; };
/* End PBXBuildFile section */

/* Begin PBXFileReference section */
		451BD1DE1AB7F6EF00533DF6 /* TestContinuous.app */ = {isa = PBXFileReference; explicitFileType = wrapper.application; includeInIndex = 0; name = TestContinuous.app; path = "/Users/pito/Documents/AsifTestContinuousIntegration/TestContinuous/build/Debug-iphoneos/TestContinuous.app"; sourceTree = "<absolute>"; };
		451BD1E21AB7F6EF00533DF6 /* Info.plist */ = {isa = PBXFileReference; lastKnownFileType = text.plist.xml; path = Info.plist; sourceTree = "<group>"; };
		451BD1E31AB7F6EF00533DF6 /* main.m */ = {isa = PBXFileReference; lastKnownFileType = sourcecode.c.objc; path = main.m; sourceTree = "<group>"; };
		451BD1E51AB7F6EF00533DF6 /* AppDelegate.h */ = {isa = PBXFileReference; lastKnownFileType = sourcecode.c.h; path = AppDelegate.h; sourceTree = "<group>"; };
		451BD1E61AB7F6EF00533DF6 /* AppDelegate.m */ = {isa = PBXFileReference; lastKnownFileType = sourcecode.c.objc; path = AppDelegate.m; sourceTree = "<group>"; };
		451BD1E81AB7F6EF00533DF6 /* ViewController.h */ = {isa = PBXFileReference; lastKnownFileType = sourcecode.c.h; path = ViewController.h; sourceTree = "<group>"; };
		451BD1E91AB7F6EF00533DF6 /* ViewController.m */ = {isa = PBXFileReference; lastKnownFileType = sourcecode.c.objc; path = ViewController.m; sourceTree = "<group>"; };
		451BD1EC1AB7F6EF00533DF6 /* Base */ = {isa = PBXFileReference; lastKnownFileType = file.storyboard; name = Base; path = Base.lproj/Main.storyboard; sourceTree = "<group>"; };
		451BD1EE1AB7F6EF00533DF6 /* Images.xcassets */ = {isa = PBXFileReference; lastKnownFileType = folder.assetcatalog; path = Images.xcassets; sourceTree = "<group>"; };
		451BD1F11AB7F6EF00533DF6 /* Base */ = {isa = PBXFileReference; lastKnownFileType = file.xib; name = Base; path = Base.lproj/LaunchScreen.xib; sourceTree = "<group>"; };
/* End PBXFileReference section */

/* Begin PBXFrameworksBuildPhase section */
		451BD1DB1AB7F6EF00533DF6 /* Frameworks */ = {
			isa = PBXFrameworksBuildPhase;
			buildActionMask = 2147483647;
			files = (
			);
			runOnlyForDeploymentPostprocessing = 0;
		};
/* End PBXFrameworksBuildPhase section */

/* Begin PBXGroup section */
		451BD1D51AB7F6EF00533DF6 = {
			isa = PBXGroup;
			children = (
				451BD1E01AB7F6EF00533DF6 /* TestContinuous */,
			);
			sourceTree = "<group>";
		};
		451BD1E01AB7F6EF00533DF6 /* TestContinuous */ = {
			isa = PBXGroup;
			children = (
				451BD1E51AB7F6EF00533DF6 /* AppDelegate.h */,
				451BD1E61AB7F6EF00533DF6 /* AppDelegate.m */,
				451BD1E81AB7F6EF00533DF6 /* ViewController.h */,
				451BD1E91AB7F6EF00533DF6 /* ViewController.m */,
				451BD1EB1AB7F6EF00533DF6 /* Main.storyboard */,
				451BD1EE1AB7F6EF00533DF6 /* Images.xcassets */,
				451BD1F01AB7F6EF00533DF6 /* LaunchScreen.xib */,
				451BD1E11AB7F6EF00533DF6 /* Supporting Files */,
			);
			path = TestContinuous;
			sourceTree = "<group>";
		};
		451BD1E11AB7F6EF00533DF6 /* Supporting Files */ = {
			isa = PBXGroup;
			children = (
				451BD1E21AB7F6EF00533DF6 /* Info.plist */,
				451BD1E31AB7F6EF00533DF6 /* main.m */,
			);
			name = "Supporting Files";
			sourceTree = "<group>";
		};
/* End PBXGroup section */

/* Begin PBXNativeTarget section */
		451BD1DD1AB7F6EF00533DF6 /* TestContinuous */ = {
			isa = PBXNativeTarget;
			buildConfigurationList = 451BD2011AB7F6EF00533DF6 /* Build configuration list for PBXNativeTarget "TestContinuous" */;
			buildPhases = (
				451BD1DA1AB7F6EF00533DF6 /* Sources */,
				451BD1DB1AB7F6EF00533DF6 /* Frameworks */,
				451BD1DC1AB7F6EF00533DF6 /* Resources */,
			);
			buildRules = (
			);
			dependencies = (
			);
			name = TestContinuous;
			productName = TestContinuous;
			productReference = 451BD1DE1AB7F6EF00533DF6 /* TestContinuous.app */;
			productType = "com.apple.product-type.application";
		};
/* End PBXNativeTarget section */

/* Begin PBXProject section */
		451BD1D61AB7F6EF00533DF6 /* Project object */ = {
			isa = PBXProject;
			attributes = {
				LastUpgradeCheck = 0610;
				ORGANIZATIONNAME = putitout;
				TargetAttributes = {
					451BD1DD1AB7F6EF00533DF6 = {
						CreatedOnToolsVersion = 6.1;
					};
				};
			};
			buildConfigurationList = 451BD1D91AB7F6EF00533DF6 /* Build configuration list for PBXProject "TestContinuous" */;
			compatibilityVersion = "Xcode 3.2";
			developmentRegion = English;
			hasScannedForEncodings = 0;
			knownRegions = (
				en,
				Base,
			);
			mainGroup = 451BD1D51AB7F6EF00533DF6;
			productRefGroup = 451BD1D51AB7F6EF00533DF6;
			projectDirPath = "";
			projectRoot = "";
			targets = (
				451BD1DD1AB7F6EF00533DF6 /* TestContinuous */,
			);
		};
/* End PBXProject section */

/* Begin PBXResourcesBuildPhase section */
		451BD1DC1AB7F6EF00533DF6 /* Resources */ = {
			isa = PBXResourcesBuildPhase;
			buildActionMask = 2147483647;
			files = (
				451BD1ED1AB7F6EF00533DF6 /* Main.storyboard in Resources */,
				451BD1F21AB7F6EF00533DF6 /* LaunchScreen.xib in Resources */,
				451BD1EF1AB7F6EF00533DF6 /* Images.xcassets in Resources */,
			);
			runOnlyForDeploymentPostprocessing = 0;
		};
/* End PBXResourcesBuildPhase section */

/* Begin PBXSourcesBuildPhase section */
		451BD1DA1AB7F6EF00533DF6 /* Sources */ = {
			isa = PBXSourcesBuildPhase;
			buildActionMask = 2147483647;
			files = (
				451BD1EA1AB7F6EF00533DF6 /* ViewController.m in Sources */,
				451BD1E71AB7F6EF00533DF6 /* AppDelegate.m in Sources */,
				451BD1E41AB7F6EF00533DF6 /* main.m in Sources */,
			);
			runOnlyForDeploymentPostprocessing = 0;
		};
/* End PBXSourcesBuildPhase section */

/* Begin PBXVariantGroup section */
		451BD1EB1AB7F6EF00533DF6 /* Main.storyboard */ = {
			isa = PBXVariantGroup;
			children = (
				451BD1EC1AB7F6EF00533DF6 /* Base */,
			);
			name = Main.storyboard;
			sourceTree = "<group>";
		};
		451BD1F01AB7F6EF00533DF6 /* LaunchScreen.xib */ = {
			isa = PBXVariantGroup;
			children = (
				451BD1F11AB7F6EF00533DF6 /* Base */,
			);
			name = LaunchScreen.xib;
			sourceTree = "<group>";
		};
/* End PBXVariantGroup section */

/* Begin XCBuildConfiguration section */
		451BD1FF1AB7F6EF00533DF6 /* Debug */ = {
			isa = XCBuildConfiguration;
			buildSettings = {
				ALWAYS_SEARCH_USER_PATHS = NO;
				CLANG_CXX_LANGUAGE_STANDARD = "gnu++0x";
				CLANG_CXX_LIBRARY = "libc++";
				CLANG_ENABLE_MODULES = YES;
				CLANG_ENABLE_OBJC_ARC = YES;
				CLANG_WARN_BOOL_CONVERSION = YES;
				CLANG_WARN_CONSTANT_CONVERSION = YES;
				CLANG_WARN_DIRECT_OBJC_ISA_USAGE = YES_ERROR;
				CLANG_WARN_EMPTY_BODY = YES;
				CLANG_WARN_ENUM_CONVERSION = YES;
				CLANG_WARN_INT_CONVERSION = YES;
				CLANG_WARN_OBJC_ROOT_CLASS = YES_ERROR;
				CLANG_WARN_UNREACHABLE_CODE = YES;
				CLANG_WARN__DUPLICATE_METHOD_MATCH = YES;
				CODE_SIGN_IDENTITY = "iPhone Developer: Chris Hodgson (6UK5WU9D4B)";
				"CODE_SIGN_IDENTITY[sdk=iphoneos*]" = "iPhone Developer: Chris Hodgson (6UK5WU9D4B)";
				COPY_PHASE_STRIP = NO;
				ENABLE_STRICT_OBJC_MSGSEND = YES;
				GCC_C_LANGUAGE_STANDARD = gnu99;
				GCC_DYNAMIC_NO_PIC = NO;
				GCC_OPTIMIZATION_LEVEL = 0;
				GCC_PREPROCESSOR_DEFINITIONS = (
					"DEBUG=1",
					"$(inherited)",
				);
				GCC_SYMBOLS_PRIVATE_EXTERN = NO;
				GCC_WARN_64_TO_32_BIT_CONVERSION = YES;
				GCC_WARN_ABOUT_RETURN_TYPE = YES_ERROR;
				GCC_WARN_UNDECLARED_SELECTOR = YES;
				GCC_WARN_UNINITIALIZED_AUTOS = YES_AGGRESSIVE;
				GCC_WARN_UNUSED_FUNCTION = YES;
				GCC_WARN_UNUSED_VARIABLE = YES;
				IPHONEOS_DEPLOYMENT_TARGET = 8.1;
				MTL_ENABLE_DEBUG_INFO = YES;
				ONLY_ACTIVE_ARCH = YES;
				PROVISIONING_PROFILE = "8ba07552-7605-4606-a8d9-f1520c07a05d";
				SDKROOT = iphoneos;
				TARGETED_DEVICE_FAMILY = "1,2";
			};
			name = Debug;
		};
		451BD2001AB7F6EF00533DF6 /* Release */ = {
			isa = XCBuildConfiguration;
			buildSettings = {
				ALWAYS_SEARCH_USER_PATHS = NO;
				CLANG_CXX_LANGUAGE_STANDARD = "gnu++0x";
				CLANG_CXX_LIBRARY = "libc++";
				CLANG_ENABLE_MODULES = YES;
				CLANG_ENABLE_OBJC_ARC = YES;
				CLANG_WARN_BOOL_CONVERSION = YES;
				CLANG_WARN_CONSTANT_CONVERSION = YES;
				CLANG_WARN_DIRECT_OBJC_ISA_USAGE = YES_ERROR;
				CLANG_WARN_EMPTY_BODY = YES;
				CLANG_WARN_ENUM_CONVERSION = YES;
				CLANG_WARN_INT_CONVERSION = YES;
				CLANG_WARN_OBJC_ROOT_CLASS = YES_ERROR;
				CLANG_WARN_UNREACHABLE_CODE = YES;
				CLANG_WARN__DUPLICATE_METHOD_MATCH = YES;
				CODE_SIGN_IDENTITY = "iPhone Developer: Chris Hodgson (6UK5WU9D4B)";
				"CODE_SIGN_IDENTITY[sdk=iphoneos*]" = "iPhone Developer: Chris Hodgson (6UK5WU9D4B)";
				COPY_PHASE_STRIP = YES;
				ENABLE_NS_ASSERTIONS = NO;
				ENABLE_STRICT_OBJC_MSGSEND = YES;
				GCC_C_LANGUAGE_STANDARD = gnu99;
				GCC_WARN_64_TO_32_BIT_CONVERSION = YES;
				GCC_WARN_ABOUT_RETURN_TYPE = YES_ERROR;
				GCC_WARN_UNDECLARED_SELECTOR = YES;
				GCC_WARN_UNINITIALIZED_AUTOS = YES_AGGRESSIVE;
				GCC_WARN_UNUSED_FUNCTION = YES;
				GCC_WARN_UNUSED_VARIABLE = YES;
				IPHONEOS_DEPLOYMENT_TARGET = 8.1;
				MTL_ENABLE_DEBUG_INFO = NO;
				PROVISIONING_PROFILE = "8ba07552-7605-4606-a8d9-f1520c07a05d";
				SDKROOT = iphoneos;
				TARGETED_DEVICE_FAMILY = "1,2";
				VALIDATE_PRODUCT = YES;
			};
			name = Release;
		};
		451BD2021AB7F6EF00533DF6 /* Debug */ = {
			isa = XCBuildConfiguration;
			buildSettings = {
				ASSETCATALOG_COMPILER_APPICON_NAME = AppIcon;
				CODE_SIGN_IDENTITY = "iPhone Developer: Chris Hodgson (6UK5WU9D4B)";
				INFOPLIST_FILE = TestContinuous/Info.plist;
				LD_RUNPATH_SEARCH_PATHS = "$(inherited) @executable_path/Frameworks";
				PRODUCT_NAME = "$(TARGET_NAME)";
				PROVISIONING_PROFILE = "8ba07552-7605-4606-a8d9-f1520c07a05d";
			};
			name = Debug;
		};
		451BD2031AB7F6EF00533DF6 /* Release */ = {
			isa = XCBuildConfiguration;
			buildSettings = {
				ASSETCATALOG_COMPILER_APPICON_NAME = AppIcon;
				CODE_SIGN_IDENTITY = "iPhone Developer: Chris Hodgson (6UK5WU9D4B)";
				INFOPLIST_FILE = TestContinuous/Info.plist;
				LD_RUNPATH_SEARCH_PATHS = "$(inherited) @executable_path/Frameworks";
				PRODUCT_NAME = "$(TARGET_NAME)";
				PROVISIONING_PROFILE = "8ba07552-7605-4606-a8d9-f1520c07a05d";
			};
			name = Release;
		};
/* End XCBuildConfiguration section */

/* Begin XCConfigurationList section */
		451BD1D91AB7F6EF00533DF6 /* Build configuration list for PBXProject "TestContinuous" */ = {
			isa = XCConfigurationList;
			buildConfigurations = (
				451BD1FF1AB7F6EF00533DF6 /* Debug */,
				451BD2001AB7F6EF00533DF6 /* Release */,
			);
			defaultConfigurationIsVisible = 0;
			defaultConfigurationName = Release;
		};
		451BD2011AB7F6EF00533DF6 /* Build configuration list for PBXNativeTarget "TestContinuous" */ = {
			isa = XCConfigurationList;
			buildConfigurations = (
				451BD2021AB7F6EF00533DF6 /* Debug */,
				451BD2031AB7F6EF00533DF6 /* Release */,
			);
			defaultConfigurationIsVisible = 0;
			defaultConfigurationName = Release;
		};
/* End XCConfigurationList section */
	};
	rootObject = 451BD1D61AB7F6EF00533DF6 /* Project object */;
}
